// !$*UTF8*$!
{
	archiveVersion = 1;
	classes = {
	};
	objectVersion = 48;
	objects = {

/* Begin PBXBuildFile section */
		48A699291FB3071300896785 /* AppDelegate.swift in Sources */ = {isa = PBXBuildFile; fileRef = 48A699281FB3071300896785 /* AppDelegate.swift */; };
		48A6992E1FB3071300896785 /* Main.storyboard in Resources */ = {isa = PBXBuildFile; fileRef = 48A6992C1FB3071300896785 /* Main.storyboard */; };
		48A699301FB3071300896785 /* Assets.xcassets in Resources */ = {isa = PBXBuildFile; fileRef = 48A6992F1FB3071300896785 /* Assets.xcassets */; };
		48A699331FB3071400896785 /* LaunchScreen.storyboard in Resources */ = {isa = PBXBuildFile; fileRef = 48A699311FB3071400896785 /* LaunchScreen.storyboard */; };
		48A6993E1FB3071400896785 /* RvDownloadManagerTests.swift in Sources */ = {isa = PBXBuildFile; fileRef = 48A6993D1FB3071400896785 /* RvDownloadManagerTests.swift */; };
		48A699491FB3071400896785 /* RvDownloadManagerUITests.swift in Sources */ = {isa = PBXBuildFile; fileRef = 48A699481FB3071400896785 /* RvDownloadManagerUITests.swift */; };
		48A6995D1FB30D7B00896785 /* ItemListViewController.swift in Sources */ = {isa = PBXBuildFile; fileRef = 48A6995C1FB30D7B00896785 /* ItemListViewController.swift */; };
		48A6995F1FB30DF600896785 /* ItemCell.swift in Sources */ = {isa = PBXBuildFile; fileRef = 48A6995E1FB30DF600896785 /* ItemCell.swift */; };
		48A699611FB30F2000896785 /* TagIDConstant.swift in Sources */ = {isa = PBXBuildFile; fileRef = 48A699601FB30F2000896785 /* TagIDConstant.swift */; };
		48A699641FB3101700896785 /* DownloadManager.swift in Sources */ = {isa = PBXBuildFile; fileRef = 48A699631FB3101600896785 /* DownloadManager.swift */; };
		48A699661FB3106200896785 /* UIConstant.swift in Sources */ = {isa = PBXBuildFile; fileRef = 48A699651FB3106200896785 /* UIConstant.swift */; };
/* End PBXBuildFile section */

/* Begin PBXContainerItemProxy section */
		48A6993A1FB3071400896785 /* PBXContainerItemProxy */ = {
			isa = PBXContainerItemProxy;
			containerPortal = 48A6991D1FB3071300896785 /* Project object */;
			proxyType = 1;
			remoteGlobalIDString = 48A699241FB3071300896785;
			remoteInfo = RvDownloadManager;
		};
		48A699451FB3071400896785 /* PBXContainerItemProxy */ = {
			isa = PBXContainerItemProxy;
			containerPortal = 48A6991D1FB3071300896785 /* Project object */;
			proxyType = 1;
			remoteGlobalIDString = 48A699241FB3071300896785;
			remoteInfo = RvDownloadManager;
		};
/* End PBXContainerItemProxy section */

/* Begin PBXFileReference section */
		48A699251FB3071300896785 /* RvDownloadManager.app */ = {isa = PBXFileReference; explicitFileType = wrapper.application; includeInIndex = 0; path = RvDownloadManager.app; sourceTree = BUILT_PRODUCTS_DIR; };
		48A699281FB3071300896785 /* AppDelegate.swift */ = {isa = PBXFileReference; lastKnownFileType = sourcecode.swift; path = AppDelegate.swift; sourceTree = "<group>"; };
		48A6992D1FB3071300896785 /* Base */ = {isa = PBXFileReference; lastKnownFileType = file.storyboard; name = Base; path = Base.lproj/Main.storyboard; sourceTree = "<group>"; };
		48A6992F1FB3071300896785 /* Assets.xcassets */ = {isa = PBXFileReference; lastKnownFileType = folder.assetcatalog; path = Assets.xcassets; sourceTree = "<group>"; };
		48A699321FB3071400896785 /* Base */ = {isa = PBXFileReference; lastKnownFileType = file.storyboard; name = Base; path = Base.lproj/LaunchScreen.storyboard; sourceTree = "<group>"; };
		48A699341FB3071400896785 /* Info.plist */ = {isa = PBXFileReference; lastKnownFileType = text.plist.xml; path = Info.plist; sourceTree = "<group>"; };
		48A699391FB3071400896785 /* RvDownloadManagerTests.xctest */ = {isa = PBXFileReference; explicitFileType = wrapper.cfbundle; includeInIndex = 0; path = RvDownloadManagerTests.xctest; sourceTree = BUILT_PRODUCTS_DIR; };
		48A6993D1FB3071400896785 /* RvDownloadManagerTests.swift */ = {isa = PBXFileReference; lastKnownFileType = sourcecode.swift; path = RvDownloadManagerTests.swift; sourceTree = "<group>"; };
		48A6993F1FB3071400896785 /* Info.plist */ = {isa = PBXFileReference; lastKnownFileType = text.plist.xml; path = Info.plist; sourceTree = "<group>"; };
		48A699441FB3071400896785 /* RvDownloadManagerUITests.xctest */ = {isa = PBXFileReference; explicitFileType = wrapper.cfbundle; includeInIndex = 0; path = RvDownloadManagerUITests.xctest; sourceTree = BUILT_PRODUCTS_DIR; };
		48A699481FB3071400896785 /* RvDownloadManagerUITests.swift */ = {isa = PBXFileReference; lastKnownFileType = sourcecode.swift; path = RvDownloadManagerUITests.swift; sourceTree = "<group>"; };
		48A6994A1FB3071400896785 /* Info.plist */ = {isa = PBXFileReference; lastKnownFileType = text.plist.xml; path = Info.plist; sourceTree = "<group>"; };
		48A6995C1FB30D7B00896785 /* ItemListViewController.swift */ = {isa = PBXFileReference; lastKnownFileType = sourcecode.swift; path = ItemListViewController.swift; sourceTree = "<group>"; };
		48A6995E1FB30DF600896785 /* ItemCell.swift */ = {isa = PBXFileReference; lastKnownFileType = sourcecode.swift; path = ItemCell.swift; sourceTree = "<group>"; };
		48A699601FB30F2000896785 /* TagIDConstant.swift */ = {isa = PBXFileReference; fileEncoding = 4; lastKnownFileType = sourcecode.swift; path = TagIDConstant.swift; sourceTree = "<group>"; };
		48A699631FB3101600896785 /* DownloadManager.swift */ = {isa = PBXFileReference; fileEncoding = 4; lastKnownFileType = sourcecode.swift; path = DownloadManager.swift; sourceTree = "<group>"; };
		48A699651FB3106200896785 /* UIConstant.swift */ = {isa = PBXFileReference; fileEncoding = 4; lastKnownFileType = sourcecode.swift; path = UIConstant.swift; sourceTree = "<group>"; };
/* End PBXFileReference section */

/* Begin PBXFrameworksBuildPhase section */
		48A699221FB3071300896785 /* Frameworks */ = {
			isa = PBXFrameworksBuildPhase;
			buildActionMask = 2147483647;
			files = (
			);
			runOnlyForDeploymentPostprocessing = 0;
		};
		48A699361FB3071400896785 /* Frameworks */ = {
			isa = PBXFrameworksBuildPhase;
			buildActionMask = 2147483647;
			files = (
			);
			runOnlyForDeploymentPostprocessing = 0;
		};
		48A699411FB3071400896785 /* Frameworks */ = {
			isa = PBXFrameworksBuildPhase;
			buildActionMask = 2147483647;
			files = (
			);
			runOnlyForDeploymentPostprocessing = 0;
		};
/* End PBXFrameworksBuildPhase section */

/* Begin PBXGroup section */
		48A6991C1FB3071300896785 = {
			isa = PBXGroup;
			children = (
				48A699271FB3071300896785 /* RvDownloadManager */,
				48A6993C1FB3071400896785 /* RvDownloadManagerTests */,
				48A699471FB3071400896785 /* RvDownloadManagerUITests */,
				48A699261FB3071300896785 /* Products */,
			);
			sourceTree = "<group>";
		};
		48A699261FB3071300896785 /* Products */ = {
			isa = PBXGroup;
			children = (
				48A699251FB3071300896785 /* RvDownloadManager.app */,
				48A699391FB3071400896785 /* RvDownloadManagerTests.xctest */,
				48A699441FB3071400896785 /* RvDownloadManagerUITests.xctest */,
			);
			name = Products;
			sourceTree = "<group>";
		};
		48A699271FB3071300896785 /* RvDownloadManager */ = {
			isa = PBXGroup;
			children = (
				48A699281FB3071300896785 /* AppDelegate.swift */,
				48A699571FB30D6900896785 /* Constants */,
				48A6995A1FB30D6900896785 /* CustomCell */,
				48A699561FB30D6800896785 /* Helper */,
				48A699591FB30D6900896785 /* Models */,
				48A699581FB30D6900896785 /* Utilities */,
				48A6995B1FB30D6900896785 /* ViewController */,
				48A6992C1FB3071300896785 /* Main.storyboard */,
				48A6992F1FB3071300896785 /* Assets.xcassets */,
				48A699311FB3071400896785 /* LaunchScreen.storyboard */,
				48A699341FB3071400896785 /* Info.plist */,
			);
			path = RvDownloadManager;
			sourceTree = "<group>";
		};
		48A6993C1FB3071400896785 /* RvDownloadManagerTests */ = {
			isa = PBXGroup;
			children = (
				48A6993D1FB3071400896785 /* RvDownloadManagerTests.swift */,
				48A6993F1FB3071400896785 /* Info.plist */,
			);
			path = RvDownloadManagerTests;
			sourceTree = "<group>";
		};
		48A699471FB3071400896785 /* RvDownloadManagerUITests */ = {
			isa = PBXGroup;
			children = (
				48A699481FB3071400896785 /* RvDownloadManagerUITests.swift */,
				48A6994A1FB3071400896785 /* Info.plist */,
			);
			path = RvDownloadManagerUITests;
			sourceTree = "<group>";
		};
		48A699561FB30D6800896785 /* Helper */ = {
			isa = PBXGroup;
			children = (
			);
			path = Helper;
			sourceTree = "<group>";
		};
		48A699571FB30D6900896785 /* Constants */ = {
			isa = PBXGroup;
			children = (
				48A699651FB3106200896785 /* UIConstant.swift */,
				48A699601FB30F2000896785 /* TagIDConstant.swift */,
			);
			path = Constants;
			sourceTree = "<group>";
		};
		48A699581FB30D6900896785 /* Utilities */ = {
			isa = PBXGroup;
			children = (
				48A699621FB3101600896785 /* DownloadManager */,
			);
			path = Utilities;
			sourceTree = "<group>";
		};
		48A699591FB30D6900896785 /* Models */ = {
			isa = PBXGroup;
			children = (
			);
			path = Models;
			sourceTree = "<group>";
		};
		48A6995A1FB30D6900896785 /* CustomCell */ = {
			isa = PBXGroup;
			children = (
				48A6995E1FB30DF600896785 /* ItemCell.swift */,
			);
			path = CustomCell;
			sourceTree = "<group>";
		};
		48A6995B1FB30D6900896785 /* ViewController */ = {
			isa = PBXGroup;
			children = (
				48A6995C1FB30D7B00896785 /* ItemListViewController.swift */,
			);
			path = ViewController;
			sourceTree = "<group>";
		};
		48A699621FB3101600896785 /* DownloadManager */ = {
			isa = PBXGroup;
			children = (
				48A699631FB3101600896785 /* DownloadManager.swift */,
			);
			path = DownloadManager;
			sourceTree = "<group>";
		};
/* End PBXGroup section */

/* Begin PBXNativeTarget section */
		48A699241FB3071300896785 /* RvDownloadManager */ = {
			isa = PBXNativeTarget;
			buildConfigurationList = 48A6994D1FB3071400896785 /* Build configuration list for PBXNativeTarget "RvDownloadManager" */;
			buildPhases = (
				48A699211FB3071300896785 /* Sources */,
				48A699221FB3071300896785 /* Frameworks */,
				48A699231FB3071300896785 /* Resources */,
			);
			buildRules = (
			);
			dependencies = (
			);
			name = RvDownloadManager;
			productName = RvDownloadManager;
			productReference = 48A699251FB3071300896785 /* RvDownloadManager.app */;
			productType = "com.apple.product-type.application";
		};
		48A699381FB3071400896785 /* RvDownloadManagerTests */ = {
			isa = PBXNativeTarget;
			buildConfigurationList = 48A699501FB3071400896785 /* Build configuration list for PBXNativeTarget "RvDownloadManagerTests" */;
			buildPhases = (
				48A699351FB3071400896785 /* Sources */,
				48A699361FB3071400896785 /* Frameworks */,
				48A699371FB3071400896785 /* Resources */,
			);
			buildRules = (
			);
			dependencies = (
				48A6993B1FB3071400896785 /* PBXTargetDependency */,
			);
			name = RvDownloadManagerTests;
			productName = RvDownloadManagerTests;
			productReference = 48A699391FB3071400896785 /* RvDownloadManagerTests.xctest */;
			productType = "com.apple.product-type.bundle.unit-test";
		};
		48A699431FB3071400896785 /* RvDownloadManagerUITests */ = {
			isa = PBXNativeTarget;
			buildConfigurationList = 48A699531FB3071400896785 /* Build configuration list for PBXNativeTarget "RvDownloadManagerUITests" */;
			buildPhases = (
				48A699401FB3071400896785 /* Sources */,
				48A699411FB3071400896785 /* Frameworks */,
				48A699421FB3071400896785 /* Resources */,
			);
			buildRules = (
			);
			dependencies = (
				48A699461FB3071400896785 /* PBXTargetDependency */,
			);
			name = RvDownloadManagerUITests;
			productName = RvDownloadManagerUITests;
			productReference = 48A699441FB3071400896785 /* RvDownloadManagerUITests.xctest */;
			productType = "com.apple.product-type.bundle.ui-testing";
		};
/* End PBXNativeTarget section */

/* Begin PBXProject section */
		48A6991D1FB3071300896785 /* Project object */ = {
			isa = PBXProject;
			attributes = {
				LastSwiftUpdateCheck = 0910;
				LastUpgradeCheck = 0910;
				ORGANIZATIONNAME = "Softweb Solutions";
				TargetAttributes = {
					48A699241FB3071300896785 = {
						CreatedOnToolsVersion = 9.1;
						ProvisioningStyle = Manual;
					};
					48A699381FB3071400896785 = {
						CreatedOnToolsVersion = 9.1;
						ProvisioningStyle = Automatic;
						TestTargetID = 48A699241FB3071300896785;
					};
					48A699431FB3071400896785 = {
						CreatedOnToolsVersion = 9.1;
						ProvisioningStyle = Automatic;
						TestTargetID = 48A699241FB3071300896785;
					};
				};
			};
			buildConfigurationList = 48A699201FB3071300896785 /* Build configuration list for PBXProject "RvDownloadManager" */;
			compatibilityVersion = "Xcode 8.0";
			developmentRegion = en;
			hasScannedForEncodings = 0;
			knownRegions = (
				en,
				Base,
			);
			mainGroup = 48A6991C1FB3071300896785;
			productRefGroup = 48A699261FB3071300896785 /* Products */;
			projectDirPath = "";
			projectRoot = "";
			targets = (
				48A699241FB3071300896785 /* RvDownloadManager */,
				48A699381FB3071400896785 /* RvDownloadManagerTests */,
				48A699431FB3071400896785 /* RvDownloadManagerUITests */,
			);
		};
/* End PBXProject section */

/* Begin PBXResourcesBuildPhase section */
		48A699231FB3071300896785 /* Resources */ = {
			isa = PBXResourcesBuildPhase;
			buildActionMask = 2147483647;
			files = (
				48A699331FB3071400896785 /* LaunchScreen.storyboard in Resources */,
				48A699301FB3071300896785 /* Assets.xcassets in Resources */,
				48A6992E1FB3071300896785 /* Main.storyboard in Resources */,
			);
			runOnlyForDeploymentPostprocessing = 0;
		};
		48A699371FB3071400896785 /* Resources */ = {
			isa = PBXResourcesBuildPhase;
			buildActionMask = 2147483647;
			files = (
			);
			runOnlyForDeploymentPostprocessing = 0;
		};
		48A699421FB3071400896785 /* Resources */ = {
			isa = PBXResourcesBuildPhase;
			buildActionMask = 2147483647;
			files = (
			);
			runOnlyForDeploymentPostprocessing = 0;
		};
/* End PBXResourcesBuildPhase section */

/* Begin PBXSourcesBuildPhase section */
		48A699211FB3071300896785 /* Sources */ = {
			isa = PBXSourcesBuildPhase;
			buildActionMask = 2147483647;
			files = (
				48A699291FB3071300896785 /* AppDelegate.swift in Sources */,
				48A699641FB3101700896785 /* DownloadManager.swift in Sources */,
				48A699611FB30F2000896785 /* TagIDConstant.swift in Sources */,
				48A6995D1FB30D7B00896785 /* ItemListViewController.swift in Sources */,
				48A6995F1FB30DF600896785 /* ItemCell.swift in Sources */,
				48A699661FB3106200896785 /* UIConstant.swift in Sources */,
			);
			runOnlyForDeploymentPostprocessing = 0;
		};
		48A699351FB3071400896785 /* Sources */ = {
			isa = PBXSourcesBuildPhase;
			buildActionMask = 2147483647;
			files = (
				48A6993E1FB3071400896785 /* RvDownloadManagerTests.swift in Sources */,
			);
			runOnlyForDeploymentPostprocessing = 0;
		};
		48A699401FB3071400896785 /* Sources */ = {
			isa = PBXSourcesBuildPhase;
			buildActionMask = 2147483647;
			files = (
				48A699491FB3071400896785 /* RvDownloadManagerUITests.swift in Sources */,
			);
			runOnlyForDeploymentPostprocessing = 0;
		};
/* End PBXSourcesBuildPhase section */

/* Begin PBXTargetDependency section */
		48A6993B1FB3071400896785 /* PBXTargetDependency */ = {
			isa = PBXTargetDependency;
			target = 48A699241FB3071300896785 /* RvDownloadManager */;
			targetProxy = 48A6993A1FB3071400896785 /* PBXContainerItemProxy */;
		};
		48A699461FB3071400896785 /* PBXTargetDependency */ = {
			isa = PBXTargetDependency;
			target = 48A699241FB3071300896785 /* RvDownloadManager */;
			targetProxy = 48A699451FB3071400896785 /* PBXContainerItemProxy */;
		};
/* End PBXTargetDependency section */

/* Begin PBXVariantGroup section */
		48A6992C1FB3071300896785 /* Main.storyboard */ = {
			isa = PBXVariantGroup;
			children = (
				48A6992D1FB3071300896785 /* Base */,
			);
			name = Main.storyboard;
			sourceTree = "<group>";
		};
		48A699311FB3071400896785 /* LaunchScreen.storyboard */ = {
			isa = PBXVariantGroup;
			children = (
				48A699321FB3071400896785 /* Base */,
			);
			name = LaunchScreen.storyboard;
			sourceTree = "<group>";
		};
/* End PBXVariantGroup section */

/* Begin XCBuildConfiguration section */
		48A6994B1FB3071400896785 /* Debug */ = {
			isa = XCBuildConfiguration;
			buildSettings = {
				ALWAYS_SEARCH_USER_PATHS = NO;
				CLANG_ANALYZER_NONNULL = YES;
				CLANG_ANALYZER_NUMBER_OBJECT_CONVERSION = YES_AGGRESSIVE;
				CLANG_CXX_LANGUAGE_STANDARD = "gnu++14";
				CLANG_CXX_LIBRARY = "libc++";
				CLANG_ENABLE_MODULES = YES;
				CLANG_ENABLE_OBJC_ARC = YES;
				CLANG_WARN_BLOCK_CAPTURE_AUTORELEASING = YES;
				CLANG_WARN_BOOL_CONVERSION = YES;
				CLANG_WARN_COMMA = YES;
				CLANG_WARN_CONSTANT_CONVERSION = YES;
				CLANG_WARN_DIRECT_OBJC_ISA_USAGE = YES_ERROR;
				CLANG_WARN_DOCUMENTATION_COMMENTS = YES;
				CLANG_WARN_EMPTY_BODY = YES;
				CLANG_WARN_ENUM_CONVERSION = YES;
				CLANG_WARN_INFINITE_RECURSION = YES;
				CLANG_WARN_INT_CONVERSION = YES;
				CLANG_WARN_NON_LITERAL_NULL_CONVERSION = YES;
				CLANG_WARN_OBJC_LITERAL_CONVERSION = YES;
				CLANG_WARN_OBJC_ROOT_CLASS = YES_ERROR;
				CLANG_WARN_RANGE_LOOP_ANALYSIS = YES;
				CLANG_WARN_STRICT_PROTOTYPES = YES;
				CLANG_WARN_SUSPICIOUS_MOVE = YES;
				CLANG_WARN_UNGUARDED_AVAILABILITY = YES_AGGRESSIVE;
				CLANG_WARN_UNREACHABLE_CODE = YES;
				CLANG_WARN__DUPLICATE_METHOD_MATCH = YES;
				CODE_SIGN_IDENTITY = "iPhone Developer";
				COPY_PHASE_STRIP = NO;
				DEBUG_INFORMATION_FORMAT = dwarf;
				ENABLE_STRICT_OBJC_MSGSEND = YES;
				ENABLE_TESTABILITY = YES;
				GCC_C_LANGUAGE_STANDARD = gnu11;
				GCC_DYNAMIC_NO_PIC = NO;
				GCC_NO_COMMON_BLOCKS = YES;
				GCC_OPTIMIZATION_LEVEL = 0;
				GCC_PREPROCESSOR_DEFINITIONS = (
					"DEBUG=1",
					"$(inherited)",
				);
				GCC_WARN_64_TO_32_BIT_CONVERSION = YES;
				GCC_WARN_ABOUT_RETURN_TYPE = YES_ERROR;
				GCC_WARN_UNDECLARED_SELECTOR = YES;
				GCC_WARN_UNINITIALIZED_AUTOS = YES_AGGRESSIVE;
				GCC_WARN_UNUSED_FUNCTION = YES;
				GCC_WARN_UNUSED_VARIABLE = YES;
				IPHONEOS_DEPLOYMENT_TARGET = 10.0;
				MTL_ENABLE_DEBUG_INFO = YES;
				ONLY_ACTIVE_ARCH = YES;
				SDKROOT = iphoneos;
				SWIFT_ACTIVE_COMPILATION_CONDITIONS = DEBUG;
				SWIFT_OPTIMIZATION_LEVEL = "-Onone";
			};
			name = Debug;
		};
		48A6994C1FB3071400896785 /* Release */ = {
			isa = XCBuildConfiguration;
			buildSettings = {
				ALWAYS_SEARCH_USER_PATHS = NO;
				CLANG_ANALYZER_NONNULL = YES;
				CLANG_ANALYZER_NUMBER_OBJECT_CONVERSION = YES_AGGRESSIVE;
				CLANG_CXX_LANGUAGE_STANDARD = "gnu++14";
				CLANG_CXX_LIBRARY = "libc++";
				CLANG_ENABLE_MODULES = YES;
				CLANG_ENABLE_OBJC_ARC = YES;
				CLANG_WARN_BLOCK_CAPTURE_AUTORELEASING = YES;
				CLANG_WARN_BOOL_CONVERSION = YES;
				CLANG_WARN_COMMA = YES;
				CLANG_WARN_CONSTANT_CONVERSION = YES;
				CLANG_WARN_DIRECT_OBJC_ISA_USAGE = YES_ERROR;
				CLANG_WARN_DOCUMENTATION_COMMENTS = YES;
				CLANG_WARN_EMPTY_BODY = YES;
				CLANG_WARN_ENUM_CONVERSION = YES;
				CLANG_WARN_INFINITE_RECURSION = YES;
				CLANG_WARN_INT_CONVERSION = YES;
				CLANG_WARN_NON_LITERAL_NULL_CONVERSION = YES;
				CLANG_WARN_OBJC_LITERAL_CONVERSION = YES;
				CLANG_WARN_OBJC_ROOT_CLASS = YES_ERROR;
				CLANG_WARN_RANGE_LOOP_ANALYSIS = YES;
				CLANG_WARN_STRICT_PROTOTYPES = YES;
				CLANG_WARN_SUSPICIOUS_MOVE = YES;
				CLANG_WARN_UNGUARDED_AVAILABILITY = YES_AGGRESSIVE;
				CLANG_WARN_UNREACHABLE_CODE = YES;
				CLANG_WARN__DUPLICATE_METHOD_MATCH = YES;
				CODE_SIGN_IDENTITY = "iPhone Developer";
				COPY_PHASE_STRIP = NO;
				DEBUG_INFORMATION_FORMAT = "dwarf-with-dsym";
				ENABLE_NS_ASSERTIONS = NO;
				ENABLE_STRICT_OBJC_MSGSEND = YES;
				GCC_C_LANGUAGE_STANDARD = gnu11;
				GCC_NO_COMMON_BLOCKS = YES;
				GCC_WARN_64_TO_32_BIT_CONVERSION = YES;
				GCC_WARN_ABOUT_RETURN_TYPE = YES_ERROR;
				GCC_WARN_UNDECLARED_SELECTOR = YES;
				GCC_WARN_UNINITIALIZED_AUTOS = YES_AGGRESSIVE;
				GCC_WARN_UNUSED_FUNCTION = YES;
				GCC_WARN_UNUSED_VARIABLE = YES;
				IPHONEOS_DEPLOYMENT_TARGET = 10.0;
				MTL_ENABLE_DEBUG_INFO = NO;
				SDKROOT = iphoneos;
				SWIFT_OPTIMIZATION_LEVEL = "-Owholemodule";
				VALIDATE_PRODUCT = YES;
			};
			name = Release;
		};
		48A6994E1FB3071400896785 /* Debug */ = {
			isa = XCBuildConfiguration;
			buildSettings = {
				ASSETCATALOG_COMPILER_APPICON_NAME = AppIcon;
				CODE_SIGN_STYLE = Manual;
				DEVELOPMENT_TEAM = "";
				INFOPLIST_FILE = RvDownloadManager/Info.plist;
				LD_RUNPATH_SEARCH_PATHS = "$(inherited) @executable_path/Frameworks";
				PRODUCT_BUNDLE_IDENTIFIER = com.rv.RvDownloadManager;
				PRODUCT_NAME = "$(TARGET_NAME)";
				PROVISIONING_PROFILE_SPECIFIER = "";
				SWIFT_VERSION = 4.0;
				TARGETED_DEVICE_FAMILY = 1;
			};
			name = Debug;
		};
		48A6994F1FB3071400896785 /* Release */ = {
			isa = XCBuildConfiguration;
			buildSettings = {
				ASSETCATALOG_COMPILER_APPICON_NAME = AppIcon;
				CODE_SIGN_STYLE = Manual;
				DEVELOPMENT_TEAM = "";
				INFOPLIST_FILE = RvDownloadManager/Info.plist;
				LD_RUNPATH_SEARCH_PATHS = "$(inherited) @executable_path/Frameworks";
				PRODUCT_BUNDLE_IDENTIFIER = com.rv.RvDownloadManager;
				PRODUCT_NAME = "$(TARGET_NAME)";
				PROVISIONING_PROFILE_SPECIFIER = "";
				SWIFT_VERSION = 4.0;
				TARGETED_DEVICE_FAMILY = 1;
			};
			name = Release;
		};
		48A699511FB3071400896785 /* Debug */ = {
			isa = XCBuildConfiguration;
			buildSettings = {
				ALWAYS_EMBED_SWIFT_STANDARD_LIBRARIES = YES;
				BUNDLE_LOADER = "$(TEST_HOST)";
				CODE_SIGN_STYLE = Automatic;
				DEVELOPMENT_TEAM = 85Z6DRR6M5;
				INFOPLIST_FILE = RvDownloadManagerTests/Info.plist;
				LD_RUNPATH_SEARCH_PATHS = "$(inherited) @executable_path/Frameworks @loader_path/Frameworks";
				PRODUCT_BUNDLE_IDENTIFIER = com.softweb.RvDownloadManagerTests;
				PRODUCT_NAME = "$(TARGET_NAME)";
				SWIFT_VERSION = 4.0;
				TARGETED_DEVICE_FAMILY = "1,2";
				TEST_HOST = "$(BUILT_PRODUCTS_DIR)/RvDownloadManager.app/RvDownloadManager";
			};
			name = Debug;
		};
		48A699521FB3071400896785 /* Release */ = {
			isa = XCBuildConfiguration;
			buildSettings = {
				ALWAYS_EMBED_SWIFT_STANDARD_LIBRARIES = YES;
				BUNDLE_LOADER = "$(TEST_HOST)";
				CODE_SIGN_STYLE = Automatic;
				DEVELOPMENT_TEAM = 85Z6DRR6M5;
				INFOPLIST_FILE = RvDownloadManagerTests/Info.plist;
				LD_RUNPATH_SEARCH_PATHS = "$(inherited) @executable_path/Frameworks @loader_path/Frameworks";
				PRODUCT_BUNDLE_IDENTIFIER = com.softweb.RvDownloadManagerTests;
				PRODUCT_NAME = "$(TARGET_NAME)";
				SWIFT_VERSION = 4.0;
				TARGETED_DEVICE_FAMILY = "1,2";
				TEST_HOST = "$(BUILT_PRODUCTS_DIR)/RvDownloadManager.app/RvDownloadManager";
			};
			name = Release;
		};
		48A699541FB3071400896785 /* Debug */ = {
			isa = XCBuildConfiguration;
			buildSettings = {
				ALWAYS_EMBED_SWIFT_STANDARD_LIBRARIES = YES;
				CODE_SIGN_STYLE = Automatic;
				DEVELOPMENT_TEAM = 85Z6DRR6M5;
				INFOPLIST_FILE = RvDownloadManagerUITests/Info.plist;
				LD_RUNPATH_SEARCH_PATHS = "$(inherited) @executable_path/Frameworks @loader_path/Frameworks";
				PRODUCT_BUNDLE_IDENTIFIER = com.softweb.RvDownloadManagerUITests;
				PRODUCT_NAME = "$(TARGET_NAME)";
				SWIFT_VERSION = 4.0;
				TARGETED_DEVICE_FAMILY = "1,2";
				TEST_TARGET_NAME = RvDownloadManager;
			};
			name = Debug;
		};
		48A699551FB3071400896785 /* Release */ = {
			isa = XCBuildConfiguration;
			buildSettings = {
				ALWAYS_EMBED_SWIFT_STANDARD_LIBRARIES = YES;
				CODE_SIGN_STYLE = Automatic;
				DEVELOPMENT_TEAM = 85Z6DRR6M5;
				INFOPLIST_FILE = RvDownloadManagerUITests/Info.plist;
				LD_RUNPATH_SEARCH_PATHS = "$(inherited) @executable_path/Frameworks @loader_path/Frameworks";
				PRODUCT_BUNDLE_IDENTIFIER = com.softweb.RvDownloadManagerUITests;
				PRODUCT_NAME = "$(TARGET_NAME)";
				SWIFT_VERSION = 4.0;
				TARGETED_DEVICE_FAMILY = "1,2";
				TEST_TARGET_NAME = RvDownloadManager;
			};
			name = Release;
		};
/* End XCBuildConfiguration section */

/* Begin XCConfigurationList section */
		48A699201FB3071300896785 /* Build configuration list for PBXProject "RvDownloadManager" */ = {
			isa = XCConfigurationList;
			buildConfigurations = (
				48A6994B1FB3071400896785 /* Debug */,
				48A6994C1FB3071400896785 /* Release */,
			);
			defaultConfigurationIsVisible = 0;
			defaultConfigurationName = Release;
		};
		48A6994D1FB3071400896785 /* Build configuration list for PBXNativeTarget "RvDownloadManager" */ = {
			isa = XCConfigurationList;
			buildConfigurations = (
				48A6994E1FB3071400896785 /* Debug */,
				48A6994F1FB3071400896785 /* Release */,
			);
			defaultConfigurationIsVisible = 0;
			defaultConfigurationName = Release;
		};
		48A699501FB3071400896785 /* Build configuration list for PBXNativeTarget "RvDownloadManagerTests" */ = {
			isa = XCConfigurationList;
			buildConfigurations = (
				48A699511FB3071400896785 /* Debug */,
				48A699521FB3071400896785 /* Release */,
			);
			defaultConfigurationIsVisible = 0;
			defaultConfigurationName = Release;
		};
		48A699531FB3071400896785 /* Build configuration list for PBXNativeTarget "RvDownloadManagerUITests" */ = {
			isa = XCConfigurationList;
			buildConfigurations = (
				48A699541FB3071400896785 /* Debug */,
				48A699551FB3071400896785 /* Release */,
			);
			defaultConfigurationIsVisible = 0;
			defaultConfigurationName = Release;
		};
/* End XCConfigurationList section */
	};
	rootObject = 48A6991D1FB3071300896785 /* Project object */;
}
